
Microsoft Visual Studio Solution File, Format Version 12.00
# Visual Studio Version 16
VisualStudioVersion = 16.0.30011.22
MinimumVisualStudioVersion = 10.0.40219.1
Project("{FAE04EC0-301F-11D3-BF4B-00C04F79EFBC}") = "onecondition", "onecondition\onecondition.csproj", "{D405A582-BC62-45F7-93EC-33DEC3286F05}"
EndProject
Global
	GlobalSection(SolutionConfigurationPlatforms) = preSolution
		Debug|Any CPU = Debug|Any CPU
		Release|Any CPU = Release|Any CPU
	EndGlobalSection
	GlobalSection(ProjectConfigurationPlatforms) = postSolution
		{D405A582-BC62-45F7-93EC-33DEC3286F05}.Debug|Any CPU.ActiveCfg = Debug|Any CPU
		{D405A582-BC62-45F7-93EC-33DEC3286F05}.Debug|Any CPU.Build.0 = Debug|Any CPU
		{D405A582-BC62-45F7-93EC-33DEC3286F05}.Release|Any CPU.ActiveCfg = Release|Any CPU
		{D405A582-BC62-45F7-93EC-33DEC3286F05}.Release|Any CPU.Build.0 = Release|Any CPU
	EndGlobalSection
	GlobalSection(SolutionProperties) = preSolution
		HideSolutionNode = FALSE
	EndGlobalSection
	GlobalSection(ExtensibilityGlobals) = postSolution
		SolutionGuid = {63B3CC14-08BF-4B23-8EF8-1739FC54F6BE}
	EndGlobalSection
EndGlobal
